
Microsoft Visual Studio Solution File, Format Version 12.00
# Visual Studio Version 16
VisualStudioVersion = 16.0.31911.196
MinimumVisualStudioVersion = 10.0.40219.1
Project("{2150E333-8FDC-42A3-9474-1A3956D46DE8}") = "src", "src", "{BDD8D517-3E04-4422-8363-4F5ED455E29A}"
EndProject
Project("{FAE04EC0-301F-11D3-BF4B-00C04F79EFBC}") = "Artic.Demo.Api", "src\Artic.Demo.Api\Artic.Demo.Api.csproj", "{0ABD5726-0715-4C34-A2E3-E8C2DD7D5A49}"
EndProject
Project("{FAE04EC0-301F-11D3-BF4B-00C04F79EFBC}") = "Artic.Demo.Domain", "src\Artic.Demo.Domain\Artic.Demo.Domain.csproj", "{79FFC1BF-560D-4E9A-A1A3-C3E71A563AD0}"
EndProject
Project("{FAE04EC0-301F-11D3-BF4B-00C04F79EFBC}") = "Artic.Demo.Application", "src\Artic.Demo.Application\Artic.Demo.Application.csproj", "{52938DA6-BACF-4ABF-9329-7A3A2C14F0FB}"
EndProject
Project("{FAE04EC0-301F-11D3-BF4B-00C04F79EFBC}") = "Artic.Demo.Infrastructure", "src\Artic.Demo.Infrastructure\Artic.Demo.Infrastructure.csproj", "{A78E6964-CA85-4A90-9E2B-51646C337D98}"
EndProject
Global
	GlobalSection(SolutionConfigurationPlatforms) = preSolution
		Debug|Any CPU = Debug|Any CPU
		Release|Any CPU = Release|Any CPU
	EndGlobalSection
	GlobalSection(ProjectConfigurationPlatforms) = postSolution
		{0ABD5726-0715-4C34-A2E3-E8C2DD7D5A49}.Debug|Any CPU.ActiveCfg = Debug|Any CPU
		{0ABD5726-0715-4C34-A2E3-E8C2DD7D5A49}.Debug|Any CPU.Build.0 = Debug|Any CPU
		{0ABD5726-0715-4C34-A2E3-E8C2DD7D5A49}.Release|Any CPU.ActiveCfg = Release|Any CPU
		{0ABD5726-0715-4C34-A2E3-E8C2DD7D5A49}.Release|Any CPU.Build.0 = Release|Any CPU
		{79FFC1BF-560D-4E9A-A1A3-C3E71A563AD0}.Debug|Any CPU.ActiveCfg = Debug|Any CPU
		{79FFC1BF-560D-4E9A-A1A3-C3E71A563AD0}.Debug|Any CPU.Build.0 = Debug|Any CPU
		{79FFC1BF-560D-4E9A-A1A3-C3E71A563AD0}.Release|Any CPU.ActiveCfg = Release|Any CPU
		{79FFC1BF-560D-4E9A-A1A3-C3E71A563AD0}.Release|Any CPU.Build.0 = Release|Any CPU
		{52938DA6-BACF-4ABF-9329-7A3A2C14F0FB}.Debug|Any CPU.ActiveCfg = Debug|Any CPU
		{52938DA6-BACF-4ABF-9329-7A3A2C14F0FB}.Debug|Any CPU.Build.0 = Debug|Any CPU
		{52938DA6-BACF-4ABF-9329-7A3A2C14F0FB}.Release|Any CPU.ActiveCfg = Release|Any CPU
		{52938DA6-BACF-4ABF-9329-7A3A2C14F0FB}.Release|Any CPU.Build.0 = Release|Any CPU
		{A78E6964-CA85-4A90-9E2B-51646C337D98}.Debug|Any CPU.ActiveCfg = Debug|Any CPU
		{A78E6964-CA85-4A90-9E2B-51646C337D98}.Debug|Any CPU.Build.0 = Debug|Any CPU
		{A78E6964-CA85-4A90-9E2B-51646C337D98}.Release|Any CPU.ActiveCfg = Release|Any CPU
		{A78E6964-CA85-4A90-9E2B-51646C337D98}.Release|Any CPU.Build.0 = Release|Any CPU
	EndGlobalSection
	GlobalSection(SolutionProperties) = preSolution
		HideSolutionNode = FALSE
	EndGlobalSection
	GlobalSection(NestedProjects) = preSolution
		{0ABD5726-0715-4C34-A2E3-E8C2DD7D5A49} = {BDD8D517-3E04-4422-8363-4F5ED455E29A}
		{79FFC1BF-560D-4E9A-A1A3-C3E71A563AD0} = {BDD8D517-3E04-4422-8363-4F5ED455E29A}
		{52938DA6-BACF-4ABF-9329-7A3A2C14F0FB} = {BDD8D517-3E04-4422-8363-4F5ED455E29A}
		{A78E6964-CA85-4A90-9E2B-51646C337D98} = {BDD8D517-3E04-4422-8363-4F5ED455E29A}
	EndGlobalSection
	GlobalSection(ExtensibilityGlobals) = postSolution
		SolutionGuid = {84FE4E56-11E5-49F0-B66A-41B3943D6CE9}
	EndGlobalSection
EndGlobal
